
Microsoft Visual Studio Solution File, Format Version 12.00
# Visual Studio Version 16
VisualStudioVersion = 16.0.33529.622
MinimumVisualStudioVersion = 10.0.40219.1
Project("{FAE04EC0-301F-11D3-BF4B-00C04F79EFBC}") = "WindowsFormsApp6", "WindowsFormsApp6\WindowsFormsApp6.csproj", "{D8F1182F-2AD4-47FE-A972-5D8587E340BD}"
EndProject
Global
	GlobalSection(SolutionConfigurationPlatforms) = preSolution
		Debug|Any CPU = Debug|Any CPU
		Release|Any CPU = Release|Any CPU
	EndGlobalSection
	GlobalSection(ProjectConfigurationPlatforms) = postSolution
		{D8F1182F-2AD4-47FE-A972-5D8587E340BD}.Debug|Any CPU.ActiveCfg = Debug|Any CPU
		{D8F1182F-2AD4-47FE-A972-5D8587E340BD}.Debug|Any CPU.Build.0 = Debug|Any CPU
		{D8F1182F-2AD4-47FE-A972-5D8587E340BD}.Release|Any CPU.ActiveCfg = Release|Any CPU
		{D8F1182F-2AD4-47FE-A972-5D8587E340BD}.Release|Any CPU.Build.0 = Release|Any CPU
	EndGlobalSection
	GlobalSection(SolutionProperties) = preSolution
		HideSolutionNode = FALSE
	EndGlobalSection
	GlobalSection(ExtensibilityGlobals) = postSolution
		SolutionGuid = {FB31C7B3-ADA0-4C9D-970D-6B089EEBB949}
	EndGlobalSection
EndGlobal
